
Microsoft Visual Studio Solution File, Format Version 12.00
# Visual Studio Version 17
VisualStudioVersion = 17.8.34511.84
MinimumVisualStudioVersion = 10.0.40219.1
Project("{FAE04EC0-301F-11D3-BF4B-00C04F79EFBC}") = "HelloWorld", "HelloWorld\HelloWorld.csproj", "{E9467D63-C1FA-481A-AE97-F5B0F5DC54DD}"
EndProject
Global
	GlobalSection(SolutionConfigurationPlatforms) = preSolution
		Debug|Any CPU = Debug|Any CPU
		Release|Any CPU = Release|Any CPU
	EndGlobalSection
	GlobalSection(ProjectConfigurationPlatforms) = postSolution
		{E9467D63-C1FA-481A-AE97-F5B0F5DC54DD}.Debug|Any CPU.ActiveCfg = Debug|Any CPU
		{E9467D63-C1FA-481A-AE97-F5B0F5DC54DD}.Debug|Any CPU.Build.0 = Debug|Any CPU
		{E9467D63-C1FA-481A-AE97-F5B0F5DC54DD}.Release|Any CPU.ActiveCfg = Release|Any CPU
		{E9467D63-C1FA-481A-AE97-F5B0F5DC54DD}.Release|Any CPU.Build.0 = Release|Any CPU
	EndGlobalSection
	GlobalSection(SolutionProperties) = preSolution
		HideSolutionNode = FALSE
	EndGlobalSection
	GlobalSection(ExtensibilityGlobals) = postSolution
		SolutionGuid = {062D651F-B19B-45E4-B293-18CFE782EBCB}
	EndGlobalSection
EndGlobal
